{
  "name": "vue2-coffeeshop",
  "version": "1.0.0",
  "lockfileVersion": 2,
  "requires": true,
  "packages": {
    "": {
      "name": "vue2-coffeeshop",
      "version": "1.0.0",
      "license": "ISC",
      "dependencies": {
        "create-vue": "^3.3.4"
      }
    },
    "node_modules/create-vue": {
      "version": "3.3.4",
      "resolved": "https://registry.npmjs.org/create-vue/-/create-vue-3.3.4.tgz",
      "integrity": "sha512-lXcL+zVdOzCWpa3So3NQk5ZeabOogSrJs4HnP3I63Xo/+P1FIsKyPvVwtlJiufyGO7H2z6JE4p3+HBwMZs5whQ==",
      "bin": {
        "create-vue": "outfile.cjs"
      },
      "engines": {
        "node": "^14.18.0 || >=16.0.0"
      }
    }
  },
  "dependencies": {
    "create-vue": {
      "version": "3.3.4",
      "resolved": "https://registry.npmjs.org/create-vue/-/create-vue-3.3.4.tgz",
      "integrity": "sha512-lXcL+zVdOzCWpa3So3NQk5ZeabOogSrJs4HnP3I63Xo/+P1FIsKyPvVwtlJiufyGO7H2z6JE4p3+HBwMZs5whQ=="
    }
  }
}
